{
  "name": "codex-app-cli",
  "version": "0.1.0",
  "lockfileVersion": 3,
  "requires": true,
  "packages": {
    "": {
      "name": "codex-app-cli",
      "version": "0.1.0",
      "license": "MIT",
      "os": [
        "darwin"
      ],
      "bin": {
        "codex-app": "bin/codex-app.mjs"
      },
      "engines": {
        "node": ">=20"
      }
    }
  }
}
